dependencies:
- name: redis-ha
  repository: https://dandydeveloper.github.io/charts/
  version: 4.34.11
- name: tunna-agent
  repository: oci://cr.eu-north1.nebius.cloud/marketplace/chart
  version: 0.1.1
digest: sha256:c2e6e82fc79c85d2c0829d0cf2cdea135489ddd135c6391745163a33e2751e0d
generated: "2026-04-14T18:28:24.773186+01:00"
