dependencies:
- name: alertmanager
  repository: https://prometheus-community.github.io/helm-charts
  version: 1.13.1
- name: kube-state-metrics
  repository: https://prometheus-community.github.io/helm-charts
  version: 5.28.1
- name: prometheus-node-exporter
  repository: https://prometheus-community.github.io/helm-charts
  version: 4.48.0
- name: prometheus-pushgateway
  repository: https://prometheus-community.github.io/helm-charts
  version: 2.16.0
digest: sha256:1c1fb46a43ece440185763700ddd43f62763b073cba0704886904222621bb9d2
generated: "2025-09-19T06:37:36.185018897Z"
