dependencies:
- name: alertmanager
  repository: https://prometheus-community.github.io/helm-charts
  version: 1.13.1
- name: kube-state-metrics
  repository: https://prometheus-community.github.io/helm-charts
  version: 5.28.1
- name: prometheus-node-exporter
  repository: https://prometheus-community.github.io/helm-charts
  version: 4.44.1
- name: prometheus-pushgateway
  repository: https://prometheus-community.github.io/helm-charts
  version: 2.16.0
digest: sha256:1db101c4d2b9f8d08be5394e33d70ca4afe88fce5d706e6f18d8beaa6d33d690
generated: "2025-03-07T13:41:39.481610062Z"
