dependencies:
- name: alertmanager
  repository: https://prometheus-community.github.io/helm-charts
  version: 1.13.1
- name: kube-state-metrics
  repository: https://prometheus-community.github.io/helm-charts
  version: 5.28.1
- name: prometheus-node-exporter
  repository: https://prometheus-community.github.io/helm-charts
  version: 4.43.1
- name: prometheus-pushgateway
  repository: https://prometheus-community.github.io/helm-charts
  version: 2.17.0
digest: sha256:23e20250f1599090511aeac4f8bfe67c9b504c42fc4e5e7f529104b48fede1a7
generated: "2025-08-12T16:23:44.825213226Z"
