dependencies:
- name: kubernetes-dashboard
  repository: https://kubernetes.github.io/dashboard/
  version: 7.13.0
- name: tunna-agent
  repository: oci://cr.eu-north1.nebius.cloud/marketplace/chart
  version: 0.1.1
digest: sha256:0b201e1ed3076efd2e523b1db5d848bbd0cd4a06013d6903346abd0a6c2164e9
generated: "2026-04-13T20:01:04.410963+01:00"
