dependencies:
- name: etcd
  repository: file://charts/etcd
  version: 6.3.3
- name: minio
  repository: file://charts/minio
  version: 8.0.17
- name: pulsar
  repository: file://charts/pulsar
  version: 2.7.8
- name: kafka
  repository: file://charts/kafka
  version: 15.5.1
- name: gpu-operator
  repository: oci://cr.eu-north1.nebius.cloud/marketplace/nebius/nvidia-gpu-operator/chart
  version: v25.3.2
digest: sha256:257c2e20457fab1189bbd2da1e918c77f3fa076ba9d9b25130fb10ccf37b3705
generated: "2025-08-21T13:41:36.357470234+02:00"
